// !$*UTF8*$!
{
	archiveVersion = 1;
	classes = {
	};
	objectVersion = 46;
	objects = {

/* Begin PBXBuildFile section */
		903372641DDC953000BEC5DA /* main.m in Sources */ = {isa = PBXBuildFile; fileRef = 903372631DDC953000BEC5DA /* main.m */; };
		903372671DDC953000BEC5DA /* AppDelegate.m in Sources */ = {isa = PBXBuildFile; fileRef = 903372661DDC953000BEC5DA /* AppDelegate.m */; };
		9033726A1DDC953000BEC5DA /* ViewController.m in Sources */ = {isa = PBXBuildFile; fileRef = 903372691DDC953000BEC5DA /* ViewController.m */; };
		9033726D1DDC953000BEC5DA /* Main.storyboard in Resources */ = {isa = PBXBuildFile; fileRef = 9033726B1DDC953000BEC5DA /* Main.storyboard */; };
		9033726F1DDC953000BEC5DA /* Assets.xcassets in Resources */ = {isa = PBXBuildFile; fileRef = 9033726E1DDC953000BEC5DA /* Assets.xcassets */; };
		903372721DDC953000BEC5DA /* LaunchScreen.storyboard in Resources */ = {isa = PBXBuildFile; fileRef = 903372701DDC953000BEC5DA /* LaunchScreen.storyboard */; };
		9033727D1DDC953100BEC5DA /* AutoLayoutTableCellTestTests.m in Sources */ = {isa = PBXBuildFile; fileRef = 9033727C1DDC953100BEC5DA /* AutoLayoutTableCellTestTests.m */; };
		903372881DDC953100BEC5DA /* AutoLayoutTableCellTestUITests.m in Sources */ = {isa = PBXBuildFile; fileRef = 903372871DDC953100BEC5DA /* AutoLayoutTableCellTestUITests.m */; };
		903372971DDC974C00BEC5DA /* AutolayoutTableViewCell.m in Sources */ = {isa = PBXBuildFile; fileRef = 903372961DDC974C00BEC5DA /* AutolayoutTableViewCell.m */; };
		903372F41DDCC36900BEC5DA /* AFTableViewCell.m in Sources */ = {isa = PBXBuildFile; fileRef = 903372F31DDCC36900BEC5DA /* AFTableViewCell.m */; };
/* End PBXBuildFile section */

/* Begin PBXContainerItemProxy section */
		903372791DDC953100BEC5DA /* PBXContainerItemProxy */ = {
			isa = PBXContainerItemProxy;
			containerPortal = 903372571DDC953000BEC5DA /* Project object */;
			proxyType = 1;
			remoteGlobalIDString = 9033725E1DDC953000BEC5DA;
			remoteInfo = AutoLayoutTableCellTest;
		};
		903372841DDC953100BEC5DA /* PBXContainerItemProxy */ = {
			isa = PBXContainerItemProxy;
			containerPortal = 903372571DDC953000BEC5DA /* Project object */;
			proxyType = 1;
			remoteGlobalIDString = 9033725E1DDC953000BEC5DA;
			remoteInfo = AutoLayoutTableCellTest;
		};
/* End PBXContainerItemProxy section */

/* Begin PBXFileReference section */
		9033725F1DDC953000BEC5DA /* AutoLayoutTableCellTest.app */ = {isa = PBXFileReference; explicitFileType = wrapper.application; includeInIndex = 0; path = AutoLayoutTableCellTest.app; sourceTree = BUILT_PRODUCTS_DIR; };
		903372631DDC953000BEC5DA /* main.m */ = {isa = PBXFileReference; lastKnownFileType = sourcecode.c.objc; path = main.m; sourceTree = "<group>"; };
		903372651DDC953000BEC5DA /* AppDelegate.h */ = {isa = PBXFileReference; lastKnownFileType = sourcecode.c.h; path = AppDelegate.h; sourceTree = "<group>"; };
		903372661DDC953000BEC5DA /* AppDelegate.m */ = {isa = PBXFileReference; lastKnownFileType = sourcecode.c.objc; path = AppDelegate.m; sourceTree = "<group>"; };
		903372681DDC953000BEC5DA /* ViewController.h */ = {isa = PBXFileReference; lastKnownFileType = sourcecode.c.h; path = ViewController.h; sourceTree = "<group>"; };
		903372691DDC953000BEC5DA /* ViewController.m */ = {isa = PBXFileReference; lastKnownFileType = sourcecode.c.objc; path = ViewController.m; sourceTree = "<group>"; };
		9033726C1DDC953000BEC5DA /* Base */ = {isa = PBXFileReference; lastKnownFileType = file.storyboard; name = Base; path = Base.lproj/Main.storyboard; sourceTree = "<group>"; };
		9033726E1DDC953000BEC5DA /* Assets.xcassets */ = {isa = PBXFileReference; lastKnownFileType = folder.assetcatalog; path = Assets.xcassets; sourceTree = "<group>"; };
		903372711DDC953000BEC5DA /* Base */ = {isa = PBXFileReference; lastKnownFileType = file.storyboard; name = Base; path = Base.lproj/LaunchScreen.storyboard; sourceTree = "<group>"; };
		903372731DDC953000BEC5DA /* Info.plist */ = {isa = PBXFileReference; lastKnownFileType = text.plist.xml; path = Info.plist; sourceTree = "<group>"; };
		903372781DDC953100BEC5DA /* AutoLayoutTableCellTestTests.xctest */ = {isa = PBXFileReference; explicitFileType = wrapper.cfbundle; includeInIndex = 0; path = AutoLayoutTableCellTestTests.xctest; sourceTree = BUILT_PRODUCTS_DIR; };
		9033727C1DDC953100BEC5DA /* AutoLayoutTableCellTestTests.m */ = {isa = PBXFileReference; lastKnownFileType = sourcecode.c.objc; path = AutoLayoutTableCellTestTests.m; sourceTree = "<group>"; };
		9033727E1DDC953100BEC5DA /* Info.plist */ = {isa = PBXFileReference; lastKnownFileType = text.plist.xml; path = Info.plist; sourceTree = "<group>"; };
		903372831DDC953100BEC5DA /* AutoLayoutTableCellTestUITests.xctest */ = {isa = PBXFileReference; explicitFileType = wrapper.cfbundle; includeInIndex = 0; path = AutoLayoutTableCellTestUITests.xctest; sourceTree = BUILT_PRODUCTS_DIR; };
		903372871DDC953100BEC5DA /* AutoLayoutTableCellTestUITests.m */ = {isa = PBXFileReference; lastKnownFileType = sourcecode.c.objc; path = AutoLayoutTableCellTestUITests.m; sourceTree = "<group>"; };
		903372891DDC953100BEC5DA /* Info.plist */ = {isa = PBXFileReference; lastKnownFileType = text.plist.xml; path = Info.plist; sourceTree = "<group>"; };
		903372951DDC974C00BEC5DA /* AutolayoutTableViewCell.h */ = {isa = PBXFileReference; fileEncoding = 4; lastKnownFileType = sourcecode.c.h; path = AutolayoutTableViewCell.h; sourceTree = "<group>"; };
		903372961DDC974C00BEC5DA /* AutolayoutTableViewCell.m */ = {isa = PBXFileReference; fileEncoding = 4; lastKnownFileType = sourcecode.c.objc; path = AutolayoutTableViewCell.m; sourceTree = "<group>"; };
		903372F21DDCC36900BEC5DA /* AFTableViewCell.h */ = {isa = PBXFileReference; fileEncoding = 4; lastKnownFileType = sourcecode.c.h; path = AFTableViewCell.h; sourceTree = "<group>"; };
		903372F31DDCC36900BEC5DA /* AFTableViewCell.m */ = {isa = PBXFileReference; fileEncoding = 4; lastKnownFileType = sourcecode.c.objc; path = AFTableViewCell.m; sourceTree = "<group>"; };
/* End PBXFileReference section */

/* Begin PBXFrameworksBuildPhase section */
		9033725C1DDC953000BEC5DA /* Frameworks */ = {
			isa = PBXFrameworksBuildPhase;
			buildActionMask = 2147483647;
			files = (
			);
			runOnlyForDeploymentPostprocessing = 0;
		};
		903372751DDC953100BEC5DA /* Frameworks */ = {
			isa = PBXFrameworksBuildPhase;
			buildActionMask = 2147483647;
			files = (
			);
			runOnlyForDeploymentPostprocessing = 0;
		};
		903372801DDC953100BEC5DA /* Frameworks */ = {
			isa = PBXFrameworksBuildPhase;
			buildActionMask = 2147483647;
			files = (
			);
			runOnlyForDeploymentPostprocessing = 0;
		};
/* End PBXFrameworksBuildPhase section */

/* Begin PBXGroup section */
		903372561DDC953000BEC5DA = {
			isa = PBXGroup;
			children = (
				903372611DDC953000BEC5DA /* AutoLayoutTableCellTest */,
				9033727B1DDC953100BEC5DA /* AutoLayoutTableCellTestTests */,
				903372601DDC953000BEC5DA /* Products */,
			);
			sourceTree = "<group>";
		};
		903372601DDC953000BEC5DA /* Products */ = {
			isa = PBXGroup;
			children = (
				9033725F1DDC953000BEC5DA /* AutoLayoutTableCellTest.app */,
				903372781DDC953100BEC5DA /* AutoLayoutTableCellTestTests.xctest */,
				903372831DDC953100BEC5DA /* AutoLayoutTableCellTestUITests.xctest */,
			);
			name = Products;
			sourceTree = "<group>";
		};
		903372611DDC953000BEC5DA /* AutoLayoutTableCellTest */ = {
			isa = PBXGroup;
			children = (
				903372F21DDCC36900BEC5DA /* AFTableViewCell.h */,
				903372F31DDCC36900BEC5DA /* AFTableViewCell.m */,
				903372651DDC953000BEC5DA /* AppDelegate.h */,
				903372661DDC953000BEC5DA /* AppDelegate.m */,
				903372681DDC953000BEC5DA /* ViewController.h */,
				903372691DDC953000BEC5DA /* ViewController.m */,
				9033726B1DDC953000BEC5DA /* Main.storyboard */,
				9033726E1DDC953000BEC5DA /* Assets.xcassets */,
				903372701DDC953000BEC5DA /* LaunchScreen.storyboard */,
				903372731DDC953000BEC5DA /* Info.plist */,
				903372621DDC953000BEC5DA /* Supporting Files */,
				903372951DDC974C00BEC5DA /* AutolayoutTableViewCell.h */,
				903372961DDC974C00BEC5DA /* AutolayoutTableViewCell.m */,
			);
			path = AutoLayoutTableCellTest;
			sourceTree = "<group>";
		};
		903372621DDC953000BEC5DA /* Supporting Files */ = {
			isa = PBXGroup;
			children = (
				903372631DDC953000BEC5DA /* main.m */,
			);
			name = "Supporting Files";
			sourceTree = "<group>";
		};
		9033727B1DDC953100BEC5DA /* AutoLayoutTableCellTestTests */ = {
			isa = PBXGroup;
			children = (
				903372861DDC953100BEC5DA /* AutoLayoutTableCellTestUITests */,
				9033727C1DDC953100BEC5DA /* AutoLayoutTableCellTestTests.m */,
				9033727E1DDC953100BEC5DA /* Info.plist */,
			);
			path = AutoLayoutTableCellTestTests;
			sourceTree = "<group>";
		};
		903372861DDC953100BEC5DA /* AutoLayoutTableCellTestUITests */ = {
			isa = PBXGroup;
			children = (
				903372871DDC953100BEC5DA /* AutoLayoutTableCellTestUITests.m */,
				903372891DDC953100BEC5DA /* Info.plist */,
			);
			name = AutoLayoutTableCellTestUITests;
			path = ../AutoLayoutTableCellTestUITests;
			sourceTree = "<group>";
		};
/* End PBXGroup section */

/* Begin PBXNativeTarget section */
		9033725E1DDC953000BEC5DA /* AutoLayoutTableCellTest */ = {
			isa = PBXNativeTarget;
			buildConfigurationList = 9033728C1DDC953100BEC5DA /* Build configuration list for PBXNativeTarget "AutoLayoutTableCellTest" */;
			buildPhases = (
				9033725B1DDC953000BEC5DA /* Sources */,
				9033725C1DDC953000BEC5DA /* Frameworks */,
				9033725D1DDC953000BEC5DA /* Resources */,
			);
			buildRules = (
			);
			dependencies = (
			);
			name = AutoLayoutTableCellTest;
			productName = AutoLayoutTableCellTest;
			productReference = 9033725F1DDC953000BEC5DA /* AutoLayoutTableCellTest.app */;
			productType = "com.apple.product-type.application";
		};
		903372771DDC953100BEC5DA /* AutoLayoutTableCellTestTests */ = {
			isa = PBXNativeTarget;
			buildConfigurationList = 9033728F1DDC953100BEC5DA /* Build configuration list for PBXNativeTarget "AutoLayoutTableCellTestTests" */;
			buildPhases = (
				903372741DDC953100BEC5DA /* Sources */,
				903372751DDC953100BEC5DA /* Frameworks */,
				903372761DDC953100BEC5DA /* Resources */,
			);
			buildRules = (
			);
			dependencies = (
				9033727A1DDC953100BEC5DA /* PBXTargetDependency */,
			);
			name = AutoLayoutTableCellTestTests;
			productName = AutoLayoutTableCellTestTests;
			productReference = 903372781DDC953100BEC5DA /* AutoLayoutTableCellTestTests.xctest */;
			productType = "com.apple.product-type.bundle.unit-test";
		};
		903372821DDC953100BEC5DA /* AutoLayoutTableCellTestUITests */ = {
			isa = PBXNativeTarget;
			buildConfigurationList = 903372921DDC953100BEC5DA /* Build configuration list for PBXNativeTarget "AutoLayoutTableCellTestUITests" */;
			buildPhases = (
				9033727F1DDC953100BEC5DA /* Sources */,
				903372801DDC953100BEC5DA /* Frameworks */,
				903372811DDC953100BEC5DA /* Resources */,
			);
			buildRules = (
			);
			dependencies = (
				903372851DDC953100BEC5DA /* PBXTargetDependency */,
			);
			name = AutoLayoutTableCellTestUITests;
			productName = AutoLayoutTableCellTestUITests;
			productReference = 903372831DDC953100BEC5DA /* AutoLayoutTableCellTestUITests.xctest */;
			productType = "com.apple.product-type.bundle.ui-testing";
		};
/* End PBXNativeTarget section */

/* Begin PBXProject section */
		903372571DDC953000BEC5DA /* Project object */ = {
			isa = PBXProject;
			attributes = {
				LastUpgradeCheck = 0810;
				ORGANIZATIONNAME = "Matt Propst";
				TargetAttributes = {
					9033725E1DDC953000BEC5DA = {
						CreatedOnToolsVersion = 8.1;
						DevelopmentTeam = 6ZMC6F7RSN;
						ProvisioningStyle = Automatic;
					};
					903372771DDC953100BEC5DA = {
						CreatedOnToolsVersion = 8.1;
						DevelopmentTeam = 6ZMC6F7RSN;
						ProvisioningStyle = Automatic;
						TestTargetID = 9033725E1DDC953000BEC5DA;
					};
					903372821DDC953100BEC5DA = {
						CreatedOnToolsVersion = 8.1;
						DevelopmentTeam = 6ZMC6F7RSN;
						ProvisioningStyle = Automatic;
						TestTargetID = 9033725E1DDC953000BEC5DA;
					};
				};
			};
			buildConfigurationList = 9033725A1DDC953000BEC5DA /* Build configuration list for PBXProject "AutoLayoutTableCellTest" */;
			compatibilityVersion = "Xcode 3.2";
			developmentRegion = English;
			hasScannedForEncodings = 0;
			knownRegions = (
				en,
				Base,
			);
			mainGroup = 903372561DDC953000BEC5DA;
			productRefGroup = 903372601DDC953000BEC5DA /* Products */;
			projectDirPath = "";
			projectRoot = "";
			targets = (
				9033725E1DDC953000BEC5DA /* AutoLayoutTableCellTest */,
				903372771DDC953100BEC5DA /* AutoLayoutTableCellTestTests */,
				903372821DDC953100BEC5DA /* AutoLayoutTableCellTestUITests */,
			);
		};
/* End PBXProject section */

/* Begin PBXResourcesBuildPhase section */
		9033725D1DDC953000BEC5DA /* Resources */ = {
			isa = PBXResourcesBuildPhase;
			buildActionMask = 2147483647;
			files = (
				903372721DDC953000BEC5DA /* LaunchScreen.storyboard in Resources */,
				9033726F1DDC953000BEC5DA /* Assets.xcassets in Resources */,
				9033726D1DDC953000BEC5DA /* Main.storyboard in Resources */,
			);
			runOnlyForDeploymentPostprocessing = 0;
		};
		903372761DDC953100BEC5DA /* Resources */ = {
			isa = PBXResourcesBuildPhase;
			buildActionMask = 2147483647;
			files = (
			);
			runOnlyForDeploymentPostprocessing = 0;
		};
		903372811DDC953100BEC5DA /* Resources */ = {
			isa = PBXResourcesBuildPhase;
			buildActionMask = 2147483647;
			files = (
			);
			runOnlyForDeploymentPostprocessing = 0;
		};
/* End PBXResourcesBuildPhase section */

/* Begin PBXSourcesBuildPhase section */
		9033725B1DDC953000BEC5DA /* Sources */ = {
			isa = PBXSourcesBuildPhase;
			buildActionMask = 2147483647;
			files = (
				903372F41DDCC36900BEC5DA /* AFTableViewCell.m in Sources */,
				9033726A1DDC953000BEC5DA /* ViewController.m in Sources */,
				903372671DDC953000BEC5DA /* AppDelegate.m in Sources */,
				903372971DDC974C00BEC5DA /* AutolayoutTableViewCell.m in Sources */,
				903372641DDC953000BEC5DA /* main.m in Sources */,
			);
			runOnlyForDeploymentPostprocessing = 0;
		};
		903372741DDC953100BEC5DA /* Sources */ = {
			isa = PBXSourcesBuildPhase;
			buildActionMask = 2147483647;
			files = (
				9033727D1DDC953100BEC5DA /* AutoLayoutTableCellTestTests.m in Sources */,
			);
			runOnlyForDeploymentPostprocessing = 0;
		};
		9033727F1DDC953100BEC5DA /* Sources */ = {
			isa = PBXSourcesBuildPhase;
			buildActionMask = 2147483647;
			files = (
				903372881DDC953100BEC5DA /* AutoLayoutTableCellTestUITests.m in Sources */,
			);
			runOnlyForDeploymentPostprocessing = 0;
		};
/* End PBXSourcesBuildPhase section */

/* Begin PBXTargetDependency section */
		9033727A1DDC953100BEC5DA /* PBXTargetDependency */ = {
			isa = PBXTargetDependency;
			target = 9033725E1DDC953000BEC5DA /* AutoLayoutTableCellTest */;
			targetProxy = 903372791DDC953100BEC5DA /* PBXContainerItemProxy */;
		};
		903372851DDC953100BEC5DA /* PBXTargetDependency */ = {
			isa = PBXTargetDependency;
			target = 9033725E1DDC953000BEC5DA /* AutoLayoutTableCellTest */;
			targetProxy = 903372841DDC953100BEC5DA /* PBXContainerItemProxy */;
		};
/* End PBXTargetDependency section */

/* Begin PBXVariantGroup section */
		9033726B1DDC953000BEC5DA /* Main.storyboard */ = {
			isa = PBXVariantGroup;
			children = (
				9033726C1DDC953000BEC5DA /* Base */,
			);
			name = Main.storyboard;
			sourceTree = "<group>";
		};
		903372701DDC953000BEC5DA /* LaunchScreen.storyboard */ = {
			isa = PBXVariantGroup;
			children = (
				903372711DDC953000BEC5DA /* Base */,
			);
			name = LaunchScreen.storyboard;
			sourceTree = "<group>";
		};
/* End PBXVariantGroup section */

/* Begin XCBuildConfiguration section */
		9033728A1DDC953100BEC5DA /* Debug */ = {
			isa = XCBuildConfiguration;
			buildSettings = {
				ALWAYS_SEARCH_USER_PATHS = NO;
				CLANG_ANALYZER_NONNULL = YES;
				CLANG_CXX_LANGUAGE_STANDARD = "gnu++0x";
				CLANG_CXX_LIBRARY = "libc++";
				CLANG_ENABLE_MODULES = YES;
				CLANG_ENABLE_OBJC_ARC = YES;
				CLANG_WARN_BOOL_CONVERSION = YES;
				CLANG_WARN_CONSTANT_CONVERSION = YES;
				CLANG_WARN_DIRECT_OBJC_ISA_USAGE = YES_ERROR;
				CLANG_WARN_DOCUMENTATION_COMMENTS = YES;
				CLANG_WARN_EMPTY_BODY = YES;
				CLANG_WARN_ENUM_CONVERSION = YES;
				CLANG_WARN_INFINITE_RECURSION = YES;
				CLANG_WARN_INT_CONVERSION = YES;
				CLANG_WARN_OBJC_ROOT_CLASS = YES_ERROR;
				CLANG_WARN_SUSPICIOUS_MOVES = YES;
				CLANG_WARN_UNREACHABLE_CODE = YES;
				CLANG_WARN__DUPLICATE_METHOD_MATCH = YES;
				"CODE_SIGN_IDENTITY[sdk=iphoneos*]" = "iPhone Developer";
				COPY_PHASE_STRIP = NO;
				DEBUG_INFORMATION_FORMAT = dwarf;
				ENABLE_STRICT_OBJC_MSGSEND = YES;
				ENABLE_TESTABILITY = YES;
				GCC_C_LANGUAGE_STANDARD = gnu99;
				GCC_DYNAMIC_NO_PIC = NO;
				GCC_NO_COMMON_BLOCKS = YES;
				GCC_OPTIMIZATION_LEVEL = 0;
				GCC_PREPROCESSOR_DEFINITIONS = (
					"DEBUG=1",
					"$(inherited)",
				);
				GCC_WARN_64_TO_32_BIT_CONVERSION = YES;
				GCC_WARN_ABOUT_RETURN_TYPE = YES_ERROR;
				GCC_WARN_UNDECLARED_SELECTOR = YES;
				GCC_WARN_UNINITIALIZED_AUTOS = YES_AGGRESSIVE;
				GCC_WARN_UNUSED_FUNCTION = YES;
				GCC_WARN_UNUSED_VARIABLE = YES;
				IPHONEOS_DEPLOYMENT_TARGET = 10.1;
				MTL_ENABLE_DEBUG_INFO = YES;
				ONLY_ACTIVE_ARCH = YES;
				SDKROOT = iphoneos;
				TARGETED_DEVICE_FAMILY = "1,2";
			};
			name = Debug;
		};
		9033728B1DDC953100BEC5DA /* Release */ = {
			isa = XCBuildConfiguration;
			buildSettings = {
				ALWAYS_SEARCH_USER_PATHS = NO;
				CLANG_ANALYZER_NONNULL = YES;
				CLANG_CXX_LANGUAGE_STANDARD = "gnu++0x";
				CLANG_CXX_LIBRARY = "libc++";
				CLANG_ENABLE_MODULES = YES;
				CLANG_ENABLE_OBJC_ARC = YES;
				CLANG_WARN_BOOL_CONVERSION = YES;
				CLANG_WARN_CONSTANT_CONVERSION = YES;
				CLANG_WARN_DIRECT_OBJC_ISA_USAGE = YES_ERROR;
				CLANG_WARN_DOCUMENTATION_COMMENTS = YES;
				CLANG_WARN_EMPTY_BODY = YES;
				CLANG_WARN_ENUM_CONVERSION = YES;
				CLANG_WARN_INFINITE_RECURSION = YES;
				CLANG_WARN_INT_CONVERSION = YES;
				CLANG_WARN_OBJC_ROOT_CLASS = YES_ERROR;
				CLANG_WARN_SUSPICIOUS_MOVES = YES;
				CLANG_WARN_UNREACHABLE_CODE = YES;
				CLANG_WARN__DUPLICATE_METHOD_MATCH = YES;
				"CODE_SIGN_IDENTITY[sdk=iphoneos*]" = "iPhone Developer";
				COPY_PHASE_STRIP = NO;
				DEBUG_INFORMATION_FORMAT = "dwarf-with-dsym";
				ENABLE_NS_ASSERTIONS = NO;
				ENABLE_STRICT_OBJC_MSGSEND = YES;
				GCC_C_LANGUAGE_STANDARD = gnu99;
				GCC_NO_COMMON_BLOCKS = YES;
				GCC_WARN_64_TO_32_BIT_CONVERSION = YES;
				GCC_WARN_ABOUT_RETURN_TYPE = YES_ERROR;
				GCC_WARN_UNDECLARED_SELECTOR = YES;
				GCC_WARN_UNINITIALIZED_AUTOS = YES_AGGRESSIVE;
				GCC_WARN_UNUSED_FUNCTION = YES;
				GCC_WARN_UNUSED_VARIABLE = YES;
				IPHONEOS_DEPLOYMENT_TARGET = 10.1;
				MTL_ENABLE_DEBUG_INFO = NO;
				SDKROOT = iphoneos;
				TARGETED_DEVICE_FAMILY = "1,2";
				VALIDATE_PRODUCT = YES;
			};
			name = Release;
		};
		9033728D1DDC953100BEC5DA /* Debug */ = {
			isa = XCBuildConfiguration;
			buildSettings = {
				ASSETCATALOG_COMPILER_APPICON_NAME = AppIcon;
				DEVELOPMENT_TEAM = 6ZMC6F7RSN;
				INFOPLIST_FILE = AutoLayoutTableCellTest/Info.plist;
				LD_RUNPATH_SEARCH_PATHS = "$(inherited) @executable_path/Frameworks";
				PRODUCT_BUNDLE_IDENTIFIER = com.masstechnology.AutoLayoutTableCellTest;
				PRODUCT_NAME = "$(TARGET_NAME)";
			};
			name = Debug;
		};
		9033728E1DDC953100BEC5DA /* Release */ = {
			isa = XCBuildConfiguration;
			buildSettings = {
				ASSETCATALOG_COMPILER_APPICON_NAME = AppIcon;
				DEVELOPMENT_TEAM = 6ZMC6F7RSN;
				INFOPLIST_FILE = AutoLayoutTableCellTest/Info.plist;
				LD_RUNPATH_SEARCH_PATHS = "$(inherited) @executable_path/Frameworks";
				PRODUCT_BUNDLE_IDENTIFIER = com.masstechnology.AutoLayoutTableCellTest;
				PRODUCT_NAME = "$(TARGET_NAME)";
			};
			name = Release;
		};
		903372901DDC953100BEC5DA /* Debug */ = {
			isa = XCBuildConfiguration;
			buildSettings = {
				BUNDLE_LOADER = "$(TEST_HOST)";
				DEVELOPMENT_TEAM = 6ZMC6F7RSN;
				INFOPLIST_FILE = AutoLayoutTableCellTestTests/Info.plist;
				LD_RUNPATH_SEARCH_PATHS = "$(inherited) @executable_path/Frameworks @loader_path/Frameworks";
				PRODUCT_BUNDLE_IDENTIFIER = com.masstechnology.AutoLayoutTableCellTestTests;
				PRODUCT_NAME = "$(TARGET_NAME)";
				TEST_HOST = "$(BUILT_PRODUCTS_DIR)/AutoLayoutTableCellTest.app/AutoLayoutTableCellTest";
			};
			name = Debug;
		};
		903372911DDC953100BEC5DA /* Release */ = {
			isa = XCBuildConfiguration;
			buildSettings = {
				BUNDLE_LOADER = "$(TEST_HOST)";
				DEVELOPMENT_TEAM = 6ZMC6F7RSN;
				INFOPLIST_FILE = AutoLayoutTableCellTestTests/Info.plist;
				LD_RUNPATH_SEARCH_PATHS = "$(inherited) @executable_path/Frameworks @loader_path/Frameworks";
				PRODUCT_BUNDLE_IDENTIFIER = com.masstechnology.AutoLayoutTableCellTestTests;
				PRODUCT_NAME = "$(TARGET_NAME)";
				TEST_HOST = "$(BUILT_PRODUCTS_DIR)/AutoLayoutTableCellTest.app/AutoLayoutTableCellTest";
			};
			name = Release;
		};
		903372931DDC953100BEC5DA /* Debug */ = {
			isa = XCBuildConfiguration;
			buildSettings = {
				DEVELOPMENT_TEAM = 6ZMC6F7RSN;
				INFOPLIST_FILE = AutoLayoutTableCellTestUITests/Info.plist;
				LD_RUNPATH_SEARCH_PATHS = "$(inherited) @executable_path/Frameworks @loader_path/Frameworks";
				PRODUCT_BUNDLE_IDENTIFIER = com.masstechnology.AutoLayoutTableCellTestUITests;
				PRODUCT_NAME = "$(TARGET_NAME)";
				TEST_TARGET_NAME = AutoLayoutTableCellTest;
			};
			name = Debug;
		};
		903372941DDC953100BEC5DA /* Release */ = {
			isa = XCBuildConfiguration;
			buildSettings = {
				DEVELOPMENT_TEAM = 6ZMC6F7RSN;
				INFOPLIST_FILE = AutoLayoutTableCellTestUITests/Info.plist;
				LD_RUNPATH_SEARCH_PATHS = "$(inherited) @executable_path/Frameworks @loader_path/Frameworks";
				PRODUCT_BUNDLE_IDENTIFIER = com.masstechnology.AutoLayoutTableCellTestUITests;
				PRODUCT_NAME = "$(TARGET_NAME)";
				TEST_TARGET_NAME = AutoLayoutTableCellTest;
			};
			name = Release;
		};
/* End XCBuildConfiguration section */

/* Begin XCConfigurationList section */
		9033725A1DDC953000BEC5DA /* Build configuration list for PBXProject "AutoLayoutTableCellTest" */ = {
			isa = XCConfigurationList;
			buildConfigurations = (
				9033728A1DDC953100BEC5DA /* Debug */,
				9033728B1DDC953100BEC5DA /* Release */,
			);
			defaultConfigurationIsVisible = 0;
			defaultConfigurationName = Release;
		};
		9033728C1DDC953100BEC5DA /* Build configuration list for PBXNativeTarget "AutoLayoutTableCellTest" */ = {
			isa = XCConfigurationList;
			buildConfigurations = (
				9033728D1DDC953100BEC5DA /* Debug */,
				9033728E1DDC953100BEC5DA /* Release */,
			);
			defaultConfigurationIsVisible = 0;
			defaultConfigurationName = Release;
		};
		9033728F1DDC953100BEC5DA /* Build configuration list for PBXNativeTarget "AutoLayoutTableCellTestTests" */ = {
			isa = XCConfigurationList;
			buildConfigurations = (
				903372901DDC953100BEC5DA /* Debug */,
				903372911DDC953100BEC5DA /* Release */,
			);
			defaultConfigurationIsVisible = 0;
			defaultConfigurationName = Release;
		};
		903372921DDC953100BEC5DA /* Build configuration list for PBXNativeTarget "AutoLayoutTableCellTestUITests" */ = {
			isa = XCConfigurationList;
			buildConfigurations = (
				903372931DDC953100BEC5DA /* Debug */,
				903372941DDC953100BEC5DA /* Release */,
			);
			defaultConfigurationIsVisible = 0;
			defaultConfigurationName = Release;
		};
/* End XCConfigurationList section */
	};
	rootObject = 903372571DDC953000BEC5DA /* Project object */;
}
